
Microsoft Visual Studio Solution File, Format Version 12.00
# Visual Studio Version 17
VisualStudioVersion = 17.11.35303.130
MinimumVisualStudioVersion = 10.0.40219.1
Project("{FAE04EC0-301F-11D3-BF4B-00C04F79EFBC}") = "Bimeh", "Bimeh\Bimeh.csproj", "{73C522FC-5607-431B-99CD-AC3EAD901729}"
EndProject
Global
	GlobalSection(SolutionConfigurationPlatforms) = preSolution
		Debug|Any CPU = Debug|Any CPU
		Release|Any CPU = Release|Any CPU
	EndGlobalSection
	GlobalSection(ProjectConfigurationPlatforms) = postSolution
		{73C522FC-5607-431B-99CD-AC3EAD901729}.Debug|Any CPU.ActiveCfg = Debug|Any CPU
		{73C522FC-5607-431B-99CD-AC3EAD901729}.Debug|Any CPU.Build.0 = Debug|Any CPU
		{73C522FC-5607-431B-99CD-AC3EAD901729}.Release|Any CPU.ActiveCfg = Release|Any CPU
		{73C522FC-5607-431B-99CD-AC3EAD901729}.Release|Any CPU.Build.0 = Release|Any CPU
	EndGlobalSection
	GlobalSection(SolutionProperties) = preSolution
		HideSolutionNode = FALSE
	EndGlobalSection
	GlobalSection(ExtensibilityGlobals) = postSolution
		SolutionGuid = {8FD6B742-194D-473E-A942-D5AF6BB3A695}
	EndGlobalSection
EndGlobal
